{
  "requires": true,
  "lockfileVersion": 1,
  "dependencies": {
    "bootstrap": {
      "version": "3.4.1",
      "resolved": "https://registry.npmjs.org/bootstrap/-/bootstrap-3.4.1.tgz",
      "integrity": "sha512-yN5oZVmRCwe5aKwzRj6736nSmKDX7pLYwsXiCj/EYmo16hODaBiT4En5btW/jhBF/seV+XMx3aYwukYC3A49DA=="
    },
    "jquery": {
      "version": "3.3.1",
      "resolved": "https://registry.npmjs.org/jquery/-/jquery-3.3.1.tgz",
      "integrity": "sha512-Ubldcmxp5np52/ENotGxlLe6aGMvmF4R8S6tZjsP6Knsaxd/xp3Zrh50cG93lR6nPXyUFwzN3ZSOQI0wRJNdGg=="
    },
    "knockout": {
      "version": "3.4.2",
      "resolved": "https://registry.npmjs.org/knockout/-/knockout-3.4.2.tgz",
      "integrity": "sha1-6HlY3netHpNvfOZFuri118RW2Tc="
    },
    "knockout-mapping": {
      "version": "2.6.0",
      "resolved": "https://registry.npmjs.org/knockout-mapping/-/knockout-mapping-2.6.0.tgz",
      "integrity": "sha1-BSdZ0B7PMNSUfo6+ZK0sgpM/Bv8="
    },
    "knockout.bootstrap.modal": {
      "version": "2.0.0",
      "resolved": "https://registry.npmjs.org/knockout.bootstrap.modal/-/knockout.bootstrap.modal-2.0.0.tgz",
      "integrity": "sha1-ZUGnVActo8x6Nv1KLBdf/665f9M=",
      "requires": {
        "bootstrap": "3.4.1",
        "jquery": "3.3.1"
      }
    },
    "knockout.validation": {
      "version": "2.0.3",
      "resolved": "https://registry.npmjs.org/knockout.validation/-/knockout.validation-2.0.3.tgz",
      "integrity": "sha1-iZ3lIyNk4ezV2UbggPaiYpMEYyk="
    }
  }
}
